{
  "originHash" : "81a26d12e8b83e30bbf2f0e44a5f715b93b697fc85f8655db8a7401d5d6a7c8b",
  "pins" : [
    {
      "identity" : "agorainfra_ios",
      "kind" : "remoteSourceControl",
      "location" : "https://github.com/AgoraIO/AgoraInfra_iOS.git",
      "state" : {
        "revision" : "0071cecee99160f056c943ee6bfca06685ffa3d7",
        "version" : "1.3.0"
      }
    },
    {
      "identity" : "agorartcengine_ios",
      "kind" : "remoteSourceControl",
      "location" : "https://github.com/AgoraIO/AgoraRtcEngine_iOS.git",
      "state" : {
        "revision" : "c1224ad3e316db15a4ac48a6ff08208f7bcf5238",
        "version" : "4.6.0"
      }
    }
  ],
  "version" : 3
}
